// !$*UTF8*$!
{
	archiveVersion = 1;
	classes = {
	};
	objectVersion = 50;
	objects = {

/* Begin PBXBuildFile section */
		C21EFAF322C52E5300410CFC /* AppDelegate.swift in Sources */ = {isa = PBXBuildFile; fileRef = C21EFAF222C52E5300410CFC /* AppDelegate.swift */; };
		C21EFAF522C52E5300410CFC /* ViewController.swift in Sources */ = {isa = PBXBuildFile; fileRef = C21EFAF422C52E5300410CFC /* ViewController.swift */; };
		C21EFAF822C52E5300410CFC /* Main.storyboard in Resources */ = {isa = PBXBuildFile; fileRef = C21EFAF622C52E5300410CFC /* Main.storyboard */; };
		C21EFAFB22C52E5300410CFC /* UserErrorHandling.xcdatamodeld in Sources */ = {isa = PBXBuildFile; fileRef = C21EFAF922C52E5300410CFC /* UserErrorHandling.xcdatamodeld */; };
		C21EFAFD22C52E5500410CFC /* Assets.xcassets in Resources */ = {isa = PBXBuildFile; fileRef = C21EFAFC22C52E5500410CFC /* Assets.xcassets */; };
		C21EFB0022C52E5500410CFC /* LaunchScreen.storyboard in Resources */ = {isa = PBXBuildFile; fileRef = C21EFAFE22C52E5500410CFC /* LaunchScreen.storyboard */; };
/* End PBXBuildFile section */

/* Begin PBXFileReference section */
		C21EFAEF22C52E5300410CFC /* UserErrorHandling.app */ = {isa = PBXFileReference; explicitFileType = wrapper.application; includeInIndex = 0; path = UserErrorHandling.app; sourceTree = BUILT_PRODUCTS_DIR; };
		C21EFAF222C52E5300410CFC /* AppDelegate.swift */ = {isa = PBXFileReference; lastKnownFileType = sourcecode.swift; path = AppDelegate.swift; sourceTree = "<group>"; };
		C21EFAF422C52E5300410CFC /* ViewController.swift */ = {isa = PBXFileReference; lastKnownFileType = sourcecode.swift; path = ViewController.swift; sourceTree = "<group>"; };
		C21EFAF722C52E5300410CFC /* Base */ = {isa = PBXFileReference; lastKnownFileType = file.storyboard; name = Base; path = Base.lproj/Main.storyboard; sourceTree = "<group>"; };
		C21EFAFA22C52E5300410CFC /* UserErrorHandling.xcdatamodel */ = {isa = PBXFileReference; lastKnownFileType = wrapper.xcdatamodel; path = UserErrorHandling.xcdatamodel; sourceTree = "<group>"; };
		C21EFAFC22C52E5500410CFC /* Assets.xcassets */ = {isa = PBXFileReference; lastKnownFileType = folder.assetcatalog; path = Assets.xcassets; sourceTree = "<group>"; };
		C21EFAFF22C52E5500410CFC /* Base */ = {isa = PBXFileReference; lastKnownFileType = file.storyboard; name = Base; path = Base.lproj/LaunchScreen.storyboard; sourceTree = "<group>"; };
		C21EFB0122C52E5500410CFC /* Info.plist */ = {isa = PBXFileReference; lastKnownFileType = text.plist.xml; path = Info.plist; sourceTree = "<group>"; };
/* End PBXFileReference section */

/* Begin PBXFrameworksBuildPhase section */
		C21EFAEC22C52E5300410CFC /* Frameworks */ = {
			isa = PBXFrameworksBuildPhase;
			buildActionMask = 2147483647;
			files = (
			);
			runOnlyForDeploymentPostprocessing = 0;
		};
/* End PBXFrameworksBuildPhase section */

/* Begin PBXGroup section */
		C21EFAE622C52E5300410CFC = {
			isa = PBXGroup;
			children = (
				C21EFAF122C52E5300410CFC /* UserErrorHandling */,
				C21EFAF022C52E5300410CFC /* Products */,
			);
			sourceTree = "<group>";
		};
		C21EFAF022C52E5300410CFC /* Products */ = {
			isa = PBXGroup;
			children = (
				C21EFAEF22C52E5300410CFC /* UserErrorHandling.app */,
			);
			name = Products;
			sourceTree = "<group>";
		};
		C21EFAF122C52E5300410CFC /* UserErrorHandling */ = {
			isa = PBXGroup;
			children = (
				C21EFAF222C52E5300410CFC /* AppDelegate.swift */,
				C21EFAF422C52E5300410CFC /* ViewController.swift */,
				C21EFAF622C52E5300410CFC /* Main.storyboard */,
				C21EFAFC22C52E5500410CFC /* Assets.xcassets */,
				C21EFAFE22C52E5500410CFC /* LaunchScreen.storyboard */,
				C21EFB0122C52E5500410CFC /* Info.plist */,
				C21EFAF922C52E5300410CFC /* UserErrorHandling.xcdatamodeld */,
			);
			path = UserErrorHandling;
			sourceTree = "<group>";
		};
/* End PBXGroup section */

/* Begin PBXNativeTarget section */
		C21EFAEE22C52E5300410CFC /* UserErrorHandling */ = {
			isa = PBXNativeTarget;
			buildConfigurationList = C21EFB0422C52E5500410CFC /* Build configuration list for PBXNativeTarget "UserErrorHandling" */;
			buildPhases = (
				C21EFAEB22C52E5300410CFC /* Sources */,
				C21EFAEC22C52E5300410CFC /* Frameworks */,
				C21EFAED22C52E5300410CFC /* Resources */,
			);
			buildRules = (
			);
			dependencies = (
			);
			name = UserErrorHandling;
			productName = UserErrorHandling;
			productReference = C21EFAEF22C52E5300410CFC /* UserErrorHandling.app */;
			productType = "com.apple.product-type.application";
		};
/* End PBXNativeTarget section */

/* Begin PBXProject section */
		C21EFAE722C52E5300410CFC /* Project object */ = {
			isa = PBXProject;
			attributes = {
				LastSwiftUpdateCheck = 1020;
				LastUpgradeCheck = 1020;
				ORGANIZATIONNAME = "Mike Dix";
				TargetAttributes = {
					C21EFAEE22C52E5300410CFC = {
						CreatedOnToolsVersion = 10.2.1;
					};
				};
			};
			buildConfigurationList = C21EFAEA22C52E5300410CFC /* Build configuration list for PBXProject "UserErrorHandling" */;
			compatibilityVersion = "Xcode 9.3";
			developmentRegion = en;
			hasScannedForEncodings = 0;
			knownRegions = (
				en,
				Base,
			);
			mainGroup = C21EFAE622C52E5300410CFC;
			productRefGroup = C21EFAF022C52E5300410CFC /* Products */;
			projectDirPath = "";
			projectRoot = "";
			targets = (
				C21EFAEE22C52E5300410CFC /* UserErrorHandling */,
			);
		};
/* End PBXProject section */

/* Begin PBXResourcesBuildPhase section */
		C21EFAED22C52E5300410CFC /* Resources */ = {
			isa = PBXResourcesBuildPhase;
			buildActionMask = 2147483647;
			files = (
				C21EFB0022C52E5500410CFC /* LaunchScreen.storyboard in Resources */,
				C21EFAFD22C52E5500410CFC /* Assets.xcassets in Resources */,
				C21EFAF822C52E5300410CFC /* Main.storyboard in Resources */,
			);
			runOnlyForDeploymentPostprocessing = 0;
		};
/* End PBXResourcesBuildPhase section */

/* Begin PBXSourcesBuildPhase section */
		C21EFAEB22C52E5300410CFC /* Sources */ = {
			isa = PBXSourcesBuildPhase;
			buildActionMask = 2147483647;
			files = (
				C21EFAFB22C52E5300410CFC /* UserErrorHandling.xcdatamodeld in Sources */,
				C21EFAF522C52E5300410CFC /* ViewController.swift in Sources */,
				C21EFAF322C52E5300410CFC /* AppDelegate.swift in Sources */,
			);
			runOnlyForDeploymentPostprocessing = 0;
		};
/* End PBXSourcesBuildPhase section */

/* Begin PBXVariantGroup section */
		C21EFAF622C52E5300410CFC /* Main.storyboard */ = {
			isa = PBXVariantGroup;
			children = (
				C21EFAF722C52E5300410CFC /* Base */,
			);
			name = Main.storyboard;
			sourceTree = "<group>";
		};
		C21EFAFE22C52E5500410CFC /* LaunchScreen.storyboard */ = {
			isa = PBXVariantGroup;
			children = (
				C21EFAFF22C52E5500410CFC /* Base */,
			);
			name = LaunchScreen.storyboard;
			sourceTree = "<group>";
		};
/* End PBXVariantGroup section */

/* Begin XCBuildConfiguration section */
		C21EFB0222C52E5500410CFC /* Debug */ = {
			isa = XCBuildConfiguration;
			buildSettings = {
				ALWAYS_SEARCH_USER_PATHS = NO;
				CLANG_ANALYZER_NONNULL = YES;
				CLANG_ANALYZER_NUMBER_OBJECT_CONVERSION = YES_AGGRESSIVE;
				CLANG_CXX_LANGUAGE_STANDARD = "gnu++14";
				CLANG_CXX_LIBRARY = "libc++";
				CLANG_ENABLE_MODULES = YES;
				CLANG_ENABLE_OBJC_ARC = YES;
				CLANG_ENABLE_OBJC_WEAK = YES;
				CLANG_WARN_BLOCK_CAPTURE_AUTORELEASING = YES;
				CLANG_WARN_BOOL_CONVERSION = YES;
				CLANG_WARN_COMMA = YES;
				CLANG_WARN_CONSTANT_CONVERSION = YES;
				CLANG_WARN_DEPRECATED_OBJC_IMPLEMENTATIONS = YES;
				CLANG_WARN_DIRECT_OBJC_ISA_USAGE = YES_ERROR;
				CLANG_WARN_DOCUMENTATION_COMMENTS = YES;
				CLANG_WARN_EMPTY_BODY = YES;
				CLANG_WARN_ENUM_CONVERSION = YES;
				CLANG_WARN_INFINITE_RECURSION = YES;
				CLANG_WARN_INT_CONVERSION = YES;
				CLANG_WARN_NON_LITERAL_NULL_CONVERSION = YES;
				CLANG_WARN_OBJC_IMPLICIT_RETAIN_SELF = YES;
				CLANG_WARN_OBJC_LITERAL_CONVERSION = YES;
				CLANG_WARN_OBJC_ROOT_CLASS = YES_ERROR;
				CLANG_WARN_RANGE_LOOP_ANALYSIS = YES;
				CLANG_WARN_STRICT_PROTOTYPES = YES;
				CLANG_WARN_SUSPICIOUS_MOVE = YES;
				CLANG_WARN_UNGUARDED_AVAILABILITY = YES_AGGRESSIVE;
				CLANG_WARN_UNREACHABLE_CODE = YES;
				CLANG_WARN__DUPLICATE_METHOD_MATCH = YES;
				CODE_SIGN_IDENTITY = "iPhone Developer";
				COPY_PHASE_STRIP = NO;
				DEBUG_INFORMATION_FORMAT = dwarf;
				ENABLE_STRICT_OBJC_MSGSEND = YES;
				ENABLE_TESTABILITY = YES;
				GCC_C_LANGUAGE_STANDARD = gnu11;
				GCC_DYNAMIC_NO_PIC = NO;
				GCC_NO_COMMON_BLOCKS = YES;
				GCC_OPTIMIZATION_LEVEL = 0;
				GCC_PREPROCESSOR_DEFINITIONS = (
					"DEBUG=1",
					"$(inherited)",
				);
				GCC_WARN_64_TO_32_BIT_CONVERSION = YES;
				GCC_WARN_ABOUT_RETURN_TYPE = YES_ERROR;
				GCC_WARN_UNDECLARED_SELECTOR = YES;
				GCC_WARN_UNINITIALIZED_AUTOS = YES_AGGRESSIVE;
				GCC_WARN_UNUSED_FUNCTION = YES;
				GCC_WARN_UNUSED_VARIABLE = YES;
				IPHONEOS_DEPLOYMENT_TARGET = 12.2;
				MTL_ENABLE_DEBUG_INFO = INCLUDE_SOURCE;
				MTL_FAST_MATH = YES;
				ONLY_ACTIVE_ARCH = YES;
				SDKROOT = iphoneos;
				SWIFT_ACTIVE_COMPILATION_CONDITIONS = DEBUG;
				SWIFT_OPTIMIZATION_LEVEL = "-Onone";
			};
			name = Debug;
		};
		C21EFB0322C52E5500410CFC /* Release */ = {
			isa = XCBuildConfiguration;
			buildSettings = {
				ALWAYS_SEARCH_USER_PATHS = NO;
				CLANG_ANALYZER_NONNULL = YES;
				CLANG_ANALYZER_NUMBER_OBJECT_CONVERSION = YES_AGGRESSIVE;
				CLANG_CXX_LANGUAGE_STANDARD = "gnu++14";
				CLANG_CXX_LIBRARY = "libc++";
				CLANG_ENABLE_MODULES = YES;
				CLANG_ENABLE_OBJC_ARC = YES;
				CLANG_ENABLE_OBJC_WEAK = YES;
				CLANG_WARN_BLOCK_CAPTURE_AUTORELEASING = YES;
				CLANG_WARN_BOOL_CONVERSION = YES;
				CLANG_WARN_COMMA = YES;
				CLANG_WARN_CONSTANT_CONVERSION = YES;
				CLANG_WARN_DEPRECATED_OBJC_IMPLEMENTATIONS = YES;
				CLANG_WARN_DIRECT_OBJC_ISA_USAGE = YES_ERROR;
				CLANG_WARN_DOCUMENTATION_COMMENTS = YES;
				CLANG_WARN_EMPTY_BODY = YES;
				CLANG_WARN_ENUM_CONVERSION = YES;
				CLANG_WARN_INFINITE_RECURSION = YES;
				CLANG_WARN_INT_CONVERSION = YES;
				CLANG_WARN_NON_LITERAL_NULL_CONVERSION = YES;
				CLANG_WARN_OBJC_IMPLICIT_RETAIN_SELF = YES;
				CLANG_WARN_OBJC_LITERAL_CONVERSION = YES;
				CLANG_WARN_OBJC_ROOT_CLASS = YES_ERROR;
				CLANG_WARN_RANGE_LOOP_ANALYSIS = YES;
				CLANG_WARN_STRICT_PROTOTYPES = YES;
				CLANG_WARN_SUSPICIOUS_MOVE = YES;
				CLANG_WARN_UNGUARDED_AVAILABILITY = YES_AGGRESSIVE;
				CLANG_WARN_UNREACHABLE_CODE = YES;
				CLANG_WARN__DUPLICATE_METHOD_MATCH = YES;
				CODE_SIGN_IDENTITY = "iPhone Developer";
				COPY_PHASE_STRIP = NO;
				DEBUG_INFORMATION_FORMAT = "dwarf-with-dsym";
				ENABLE_NS_ASSERTIONS = NO;
				ENABLE_STRICT_OBJC_MSGSEND = YES;
				GCC_C_LANGUAGE_STANDARD = gnu11;
				GCC_NO_COMMON_BLOCKS = YES;
				GCC_WARN_64_TO_32_BIT_CONVERSION = YES;
				GCC_WARN_ABOUT_RETURN_TYPE = YES_ERROR;
				GCC_WARN_UNDECLARED_SELECTOR = YES;
				GCC_WARN_UNINITIALIZED_AUTOS = YES_AGGRESSIVE;
				GCC_WARN_UNUSED_FUNCTION = YES;
				GCC_WARN_UNUSED_VARIABLE = YES;
				IPHONEOS_DEPLOYMENT_TARGET = 12.2;
				MTL_ENABLE_DEBUG_INFO = NO;
				MTL_FAST_MATH = YES;
				SDKROOT = iphoneos;
				SWIFT_COMPILATION_MODE = wholemodule;
				SWIFT_OPTIMIZATION_LEVEL = "-O";
				VALIDATE_PRODUCT = YES;
			};
			name = Release;
		};
		C21EFB0522C52E5500410CFC /* Debug */ = {
			isa = XCBuildConfiguration;
			buildSettings = {
				ASSETCATALOG_COMPILER_APPICON_NAME = AppIcon;
				CODE_SIGN_STYLE = Automatic;
				DEVELOPMENT_TEAM = 3494AN3YUF;
				INFOPLIST_FILE = UserErrorHandling/Info.plist;
				LD_RUNPATH_SEARCH_PATHS = (
					"$(inherited)",
					"@executable_path/Frameworks",
				);
				PRODUCT_BUNDLE_IDENTIFIER = GodFlowDix.UserErrorHandling;
				PRODUCT_NAME = "$(TARGET_NAME)";
				SWIFT_VERSION = 5.0;
				TARGETED_DEVICE_FAMILY = "1,2";
			};
			name = Debug;
		};
		C21EFB0622C52E5500410CFC /* Release */ = {
			isa = XCBuildConfiguration;
			buildSettings = {
				ASSETCATALOG_COMPILER_APPICON_NAME = AppIcon;
				CODE_SIGN_STYLE = Automatic;
				DEVELOPMENT_TEAM = 3494AN3YUF;
				INFOPLIST_FILE = UserErrorHandling/Info.plist;
				LD_RUNPATH_SEARCH_PATHS = (
					"$(inherited)",
					"@executable_path/Frameworks",
				);
				PRODUCT_BUNDLE_IDENTIFIER = GodFlowDix.UserErrorHandling;
				PRODUCT_NAME = "$(TARGET_NAME)";
				SWIFT_VERSION = 5.0;
				TARGETED_DEVICE_FAMILY = "1,2";
			};
			name = Release;
		};
/* End XCBuildConfiguration section */

/* Begin XCConfigurationList section */
		C21EFAEA22C52E5300410CFC /* Build configuration list for PBXProject "UserErrorHandling" */ = {
			isa = XCConfigurationList;
			buildConfigurations = (
				C21EFB0222C52E5500410CFC /* Debug */,
				C21EFB0322C52E5500410CFC /* Release */,
			);
			defaultConfigurationIsVisible = 0;
			defaultConfigurationName = Release;
		};
		C21EFB0422C52E5500410CFC /* Build configuration list for PBXNativeTarget "UserErrorHandling" */ = {
			isa = XCConfigurationList;
			buildConfigurations = (
				C21EFB0522C52E5500410CFC /* Debug */,
				C21EFB0622C52E5500410CFC /* Release */,
			);
			defaultConfigurationIsVisible = 0;
			defaultConfigurationName = Release;
		};
/* End XCConfigurationList section */

/* Begin XCVersionGroup section */
		C21EFAF922C52E5300410CFC /* UserErrorHandling.xcdatamodeld */ = {
			isa = XCVersionGroup;
			children = (
				C21EFAFA22C52E5300410CFC /* UserErrorHandling.xcdatamodel */,
			);
			currentVersion = C21EFAFA22C52E5300410CFC /* UserErrorHandling.xcdatamodel */;
			path = UserErrorHandling.xcdatamodeld;
			sourceTree = "<group>";
			versionGroupType = wrapper.xcdatamodel;
		};
/* End XCVersionGroup section */
	};
	rootObject = C21EFAE722C52E5300410CFC /* Project object */;
}
